
Microsoft Visual Studio Solution File, Format Version 12.00
Project("{2150E333-8FDC-42A3-9474-1A3956D46DE8}") = "TelemetryIngestionService", "TelemetryIngestionService", "{2D8DC61D-3A7F-4149-985A-75FB9AFEE6AA}"
EndProject
Project("{FAE04EC0-301F-11D3-BF4B-00C04F79EFBC}") = "TelemetryIngestionService.Domain", "TelemetryIngestionService.Domain\TelemetryIngestionService.Domain.csproj", "{6C221EC6-5666-4E9A-918C-D8152D1887E7}"
EndProject
Global
	GlobalSection(SolutionConfigurationPlatforms) = preSolution
		Debug|Any CPU = Debug|Any CPU
		Release|Any CPU = Release|Any CPU
	EndGlobalSection
	GlobalSection(NestedProjects) = preSolution
		{6C221EC6-5666-4E9A-918C-D8152D1887E7} = {2D8DC61D-3A7F-4149-985A-75FB9AFEE6AA}
	EndGlobalSection
	GlobalSection(ProjectConfigurationPlatforms) = postSolution
		{6C221EC6-5666-4E9A-918C-D8152D1887E7}.Debug|Any CPU.ActiveCfg = Debug|Any CPU
		{6C221EC6-5666-4E9A-918C-D8152D1887E7}.Debug|Any CPU.Build.0 = Debug|Any CPU
		{6C221EC6-5666-4E9A-918C-D8152D1887E7}.Release|Any CPU.ActiveCfg = Release|Any CPU
		{6C221EC6-5666-4E9A-918C-D8152D1887E7}.Release|Any CPU.Build.0 = Release|Any CPU
	EndGlobalSection
EndGlobal
